# This file was autogenerated by Stack.
# You should not edit this file by hand.
# For more information, please see the documentation at:
#   https://docs.haskellstack.org/en/stable/lock_files

packages:
- completed:
    hackage: env-extra-1.0.0.0@sha256:2b5f58f5756dedf9956c2f5738920b082ab8e08a0b62b902b67f5134cecad00d,1558
    pantry-tree:
      size: 330
      sha256: b87d102a147f4c675b9b22ce62ab3bf0d79a030b416d4281319e8b91dabeb314
  original:
    hackage: env-extra-1.0.0.0@sha256:2b5f58f5756dedf9956c2f5738920b082ab8e08a0b62b902b67f5134cecad00d,1558
- completed:
    name: pandoc
    version: '2.18'
    git: https://github.com/jgm/pandoc.git
    pantry-tree:
      size: 144919
      sha256: 540b352a1e8ada9af7cd1bdd47b5adef257dae63f297bd2ea13d27984dc34da7
    commit: 54b20e5733d7ae283170faf66ca48ff71abcfdbc
  original:
    git: https://github.com/jgm/pandoc.git
    commit: 54b20e5733d7ae283170faf66ca48ff71abcfdbc
- completed:
    hackage: citeproc-0.7@sha256:779de5879e324ea3304174de4fdb3d58867d5af9c1f67197051cef59435c9329,5655
    pantry-tree:
      size: 80335
      sha256: 479ec797d5139a2d3667e332c95bd0da7735155ca6b66f7e835072652a0eb3b1
  original:
    hackage: citeproc-0.7@sha256:779de5879e324ea3304174de4fdb3d58867d5af9c1f67197051cef59435c9329,5655
- completed:
    hackage: doclayout-0.4@sha256:9443bcad927de56d222f5f44d5f99270079f03f5deeb42485a7bba5b61184ba1,2414
    pantry-tree:
      size: 1399
      sha256: 809c3027da6ab40f1e5b1b3345d01b5b0302f06704d083e682fd759779530d14
  original:
    hackage: doclayout-0.4@sha256:9443bcad927de56d222f5f44d5f99270079f03f5deeb42485a7bba5b61184ba1,2414
- completed:
    hackage: hslua-2.2.0@sha256:2146a57f4af235cab2952014bb4e1c040c5b0fd95aad4e289a16024a889ff723,4877
    pantry-tree:
      size: 679
      sha256: c9009b47b592dedb6d3b0542e3f5c2ca7eaab4d26dd8167a64cc120f909ec657
  original:
    hackage: hslua-2.2.0@sha256:2146a57f4af235cab2952014bb4e1c040c5b0fd95aad4e289a16024a889ff723,4877
- completed:
    hackage: hslua-aeson-2.2.0@sha256:d34527017e73732d6d05c8928008933bd90e535bf883154d5916030e4998f7a5,3295
    pantry-tree:
      size: 334
      sha256: 8ef435284f13e1a8e2a257b9393cb0715ea9fedd9f1178e9650df0f7900c3bb3
  original:
    hackage: hslua-aeson-2.2.0@sha256:d34527017e73732d6d05c8928008933bd90e535bf883154d5916030e4998f7a5,3295
- completed:
    hackage: hslua-classes-2.2.0@sha256:a76550e77d82f0daecf0f110e14ce0bdf92c799a61aec8f448ce8a92f8d936cd,3828
    pantry-tree:
      size: 1113
      sha256: 8d4679ef1cc4b2b3ec5bf47a13809a774f16471982185704f8f93293c6b7a265
  original:
    hackage: hslua-classes-2.2.0@sha256:a76550e77d82f0daecf0f110e14ce0bdf92c799a61aec8f448ce8a92f8d936cd,3828
- completed:
    hackage: hslua-core-2.2.0@sha256:1bc7b42fc5c701f00bae2995bc8422eb02e22f8e6ff50dc6bcd325072985df1e,4306
    pantry-tree:
      size: 2069
      sha256: 6cfca4d87617d2bf366f946358e439cc0870f21ee32298e72c2855802fa293c3
  original:
    hackage: hslua-core-2.2.0@sha256:1bc7b42fc5c701f00bae2995bc8422eb02e22f8e6ff50dc6bcd325072985df1e,4306
- completed:
    hackage: hslua-marshalling-2.2.0@sha256:7042bbe2b38bbc022624cf5016deeb1e684250abec166a140a6fef28f3082ecd,4017
    pantry-tree:
      size: 1023
      sha256: d48760ca136410dd87f797fd38886fadda903f38acf298a46299e4604c8e3f44
  original:
    hackage: hslua-marshalling-2.2.0@sha256:7042bbe2b38bbc022624cf5016deeb1e684250abec166a140a6fef28f3082ecd,4017
- completed:
    hackage: hslua-objectorientation-2.2.0.1@sha256:3f527c0c055ecb7df066f6b2bcbafdad992ad14ecc5b034cd920c6226e8b98bd,3410
    pantry-tree:
      size: 585
      sha256: 269c47f0b35897b3572cb8077028f3d438fc43a8edd418d818652f82bf0f9335
  original:
    hackage: hslua-objectorientation-2.2.0.1@sha256:3f527c0c055ecb7df066f6b2bcbafdad992ad14ecc5b034cd920c6226e8b98bd,3410
- completed:
    hackage: hslua-packaging-2.2.0.1@sha256:cef4f7f261bcecdce8688e54bbd4e3f871f81abca37acf57993405ccc21e82ad,3708
    pantry-tree:
      size: 1312
      sha256: 6b6c92457c24215128aacaab6af0c0c78ee7763c281e29471fe4a967a3949435
  original:
    hackage: hslua-packaging-2.2.0.1@sha256:cef4f7f261bcecdce8688e54bbd4e3f871f81abca37acf57993405ccc21e82ad,3708
- completed:
    hackage: lua-2.2.0@sha256:9ab955e366d0a84f8fd93fa7afae544469e19bd6441b091fcadca1f9b0566f37,7499
    pantry-tree:
      size: 5507
      sha256: 5d0552a4e0e5a276219637bd58d357bed8dd02a3b3075ac55687bc8d1e6cc8d9
  original:
    hackage: lua-2.2.0@sha256:9ab955e366d0a84f8fd93fa7afae544469e19bd6441b091fcadca1f9b0566f37,7499
- completed:
    hackage: pandoc-lua-marshal-0.1.6.1@sha256:775f409572f4ec9161d9f374654a3308f9f58802ff7c64cedb9eb6d31350eea9,5293
    pantry-tree:
      size: 3168
      sha256: 3320cc1d8ab056dcb85fce952aa739eff45c1b96b3e6d90ac7c8afc4c366c1d8
  original:
    hackage: pandoc-lua-marshal-0.1.6.1@sha256:775f409572f4ec9161d9f374654a3308f9f58802ff7c64cedb9eb6d31350eea9,5293
- completed:
    hackage: skylighting-0.12.3.1@sha256:b99a893d721e9b5f110f99dee8de70d79d5c07fbf6f43a9f65b27024cb104633,10448
    pantry-tree:
      size: 11447
      sha256: 4416c8b0b9804722abf67a5da46037b8db87667cb604f864b6f1f3c1850b3fee
  original:
    hackage: skylighting-0.12.3.1@sha256:b99a893d721e9b5f110f99dee8de70d79d5c07fbf6f43a9f65b27024cb104633,10448
- completed:
    hackage: skylighting-core-0.12.3.1@sha256:436dc32581d42cfb207327153b61f36a851a6ad3ae2141dc7af79b76570f58e6,8053
    pantry-tree:
      size: 14161
      sha256: 98fb3fe02f121b5556dc16d4e3358530fc4d82a6d3f0cec7eeba04ce337ba1d8
  original:
    hackage: skylighting-core-0.12.3.1@sha256:436dc32581d42cfb207327153b61f36a851a6ad3ae2141dc7af79b76570f58e6,8053
- completed:
    hackage: texmath-0.12.5.1@sha256:78e6b089cfa6e63dbbfb5e248860bf40fb500d01d8f6af2fadcd930db62344ea,6667
    pantry-tree:
      size: 257565
      sha256: bb92a8f68e9021a262522abe2746b94bd1a1069a475240d0a893d9ea3acc6e16
  original:
    hackage: texmath-0.12.5.1@sha256:78e6b089cfa6e63dbbfb5e248860bf40fb500d01d8f6af2fadcd930db62344ea,6667
snapshots:
- completed:
    size: 618876
    url: https://raw.githubusercontent.com/commercialhaskell/stackage-snapshots/master/lts/19/6.yaml
    sha256: fb634b19f31da06684bb07ce02a20c75a3162138f279b388905b03ebd57bb50f
  original: lts-19.6
