# This file was autogenerated by Stack.
# You should not edit this file by hand.
# For more information, please see the documentation at:
#   https://docs.haskellstack.org/en/stable/lock_files

packages:
- completed:
    name: env-extra
    version: 1.0.0.0
    git: https://github.com/d12frosted/env-extra
    pantry-tree:
      size: 652
      sha256: 7ad116b93eeb7762f906d52be060b3770d28bb637dbb612541e90afb07fd3a4b
    commit: 8f96b96695c49e7ab8eda596d7915f0b98904870
  original:
    git: https://github.com/d12frosted/env-extra
    commit: 8f96b96695c49e7ab8eda596d7915f0b98904870
snapshots:
- completed:
    size: 618876
    url: https://raw.githubusercontent.com/commercialhaskell/stackage-snapshots/master/lts/19/6.yaml
    sha256: fb634b19f31da06684bb07ce02a20c75a3162138f279b388905b03ebd57bb50f
  original: lts-19.6
