# THIS IS AN AUTOGENERATED FILE. DO NOT EDIT THIS FILE DIRECTLY.
# yarn lockfile v1


mathjax@^2.7.5:
  version "2.7.5"
  resolved "https://registry.yarnpkg.com/mathjax/-/mathjax-2.7.5.tgz#c9c5947f86f9be31651f5f3667d3c9a8bb01efe4"
  integrity sha512-OzsJNitEHAJB3y4IIlPCAvS0yoXwYjlo2Y4kmm9KQzyIBZt2d8yKRalby3uTRNN4fZQiGL2iMXjpdP1u2Rq2DQ==
